
Microsoft Visual Studio Solution File, Format Version 12.00
# Visual Studio Version 17
VisualStudioVersion = 17.1.32414.318
MinimumVisualStudioVersion = 10.0.40219.1
Project("{9A19103F-16F7-4668-BE54-9A1E7A4F7556}") = "EnergyEndpoint.ConsoleApp", "EnergyCompanyEndpoints\EnergyEndpoint.ConsoleApp.csproj", "{8F361BC4-C2FE-463C-BD36-B5FCF245D103}"
EndProject
Project("{9A19103F-16F7-4668-BE54-9A1E7A4F7556}") = "EnergyEndpoint.Domain", "EnergyEndpoint.Domain\EnergyEndpoint.Domain.csproj", "{260A2F45-392C-40D7-80A7-3DEFD08626A3}"
EndProject
Project("{9A19103F-16F7-4668-BE54-9A1E7A4F7556}") = "EnergyEndpoint.Application", "EnergyEndpoint.Application\EnergyEndpoint.Application.csproj", "{06720C0E-0B44-4C52-AA57-25ABEE9CA57E}"
EndProject
Project("{9A19103F-16F7-4668-BE54-9A1E7A4F7556}") = "EnergyEndpoint.Infra.Data", "EnergyEndpoint.Infra.Data\EnergyEndpoint.Infra.Data.csproj", "{6F746B73-7C88-44DD-9A2D-80BDEC9A3310}"
EndProject
Project("{9A19103F-16F7-4668-BE54-9A1E7A4F7556}") = "EnergyEndpoint.Infra.IoC", "EnergyEndpoint.Infra.IoC\EnergyEndpoint.Infra.IoC.csproj", "{C83F72A5-94CB-4455-9515-E1D73B1378C9}"
EndProject
Project("{FAE04EC0-301F-11D3-BF4B-00C04F79EFBC}") = "EnergyEndpoint.Tests", "EnergyEndpoint.Tests\EnergyEndpoint.Tests.csproj", "{01A3EA4F-F18C-49B4-986E-4314904DC372}"
EndProject
Global
	GlobalSection(SolutionConfigurationPlatforms) = preSolution
		Debug|Any CPU = Debug|Any CPU
		Release|Any CPU = Release|Any CPU
	EndGlobalSection
	GlobalSection(ProjectConfigurationPlatforms) = postSolution
		{8F361BC4-C2FE-463C-BD36-B5FCF245D103}.Debug|Any CPU.ActiveCfg = Debug|Any CPU
		{8F361BC4-C2FE-463C-BD36-B5FCF245D103}.Debug|Any CPU.Build.0 = Debug|Any CPU
		{8F361BC4-C2FE-463C-BD36-B5FCF245D103}.Release|Any CPU.ActiveCfg = Release|Any CPU
		{8F361BC4-C2FE-463C-BD36-B5FCF245D103}.Release|Any CPU.Build.0 = Release|Any CPU
		{260A2F45-392C-40D7-80A7-3DEFD08626A3}.Debug|Any CPU.ActiveCfg = Debug|Any CPU
		{260A2F45-392C-40D7-80A7-3DEFD08626A3}.Debug|Any CPU.Build.0 = Debug|Any CPU
		{260A2F45-392C-40D7-80A7-3DEFD08626A3}.Release|Any CPU.ActiveCfg = Release|Any CPU
		{260A2F45-392C-40D7-80A7-3DEFD08626A3}.Release|Any CPU.Build.0 = Release|Any CPU
		{06720C0E-0B44-4C52-AA57-25ABEE9CA57E}.Debug|Any CPU.ActiveCfg = Debug|Any CPU
		{06720C0E-0B44-4C52-AA57-25ABEE9CA57E}.Debug|Any CPU.Build.0 = Debug|Any CPU
		{06720C0E-0B44-4C52-AA57-25ABEE9CA57E}.Release|Any CPU.ActiveCfg = Release|Any CPU
		{06720C0E-0B44-4C52-AA57-25ABEE9CA57E}.Release|Any CPU.Build.0 = Release|Any CPU
		{6F746B73-7C88-44DD-9A2D-80BDEC9A3310}.Debug|Any CPU.ActiveCfg = Debug|Any CPU
		{6F746B73-7C88-44DD-9A2D-80BDEC9A3310}.Debug|Any CPU.Build.0 = Debug|Any CPU
		{6F746B73-7C88-44DD-9A2D-80BDEC9A3310}.Release|Any CPU.ActiveCfg = Release|Any CPU
		{6F746B73-7C88-44DD-9A2D-80BDEC9A3310}.Release|Any CPU.Build.0 = Release|Any CPU
		{C83F72A5-94CB-4455-9515-E1D73B1378C9}.Debug|Any CPU.ActiveCfg = Debug|Any CPU
		{C83F72A5-94CB-4455-9515-E1D73B1378C9}.Debug|Any CPU.Build.0 = Debug|Any CPU
		{C83F72A5-94CB-4455-9515-E1D73B1378C9}.Release|Any CPU.ActiveCfg = Release|Any CPU
		{C83F72A5-94CB-4455-9515-E1D73B1378C9}.Release|Any CPU.Build.0 = Release|Any CPU
		{01A3EA4F-F18C-49B4-986E-4314904DC372}.Debug|Any CPU.ActiveCfg = Debug|Any CPU
		{01A3EA4F-F18C-49B4-986E-4314904DC372}.Debug|Any CPU.Build.0 = Debug|Any CPU
		{01A3EA4F-F18C-49B4-986E-4314904DC372}.Release|Any CPU.ActiveCfg = Release|Any CPU
		{01A3EA4F-F18C-49B4-986E-4314904DC372}.Release|Any CPU.Build.0 = Release|Any CPU
	EndGlobalSection
	GlobalSection(SolutionProperties) = preSolution
		HideSolutionNode = FALSE
	EndGlobalSection
	GlobalSection(ExtensibilityGlobals) = postSolution
		SolutionGuid = {C15D53DC-CCC4-4C89-A4B2-584CA7E68823}
	EndGlobalSection
EndGlobal
